# This file is automatically @generated by Poetry 2.4.1 and should not be changed by hand.

[[package]]
name = "asgiref"
version = "3.8.1"
description = "ASGI specs, helper code, and adapters"
optional = false
python-versions = ">=3.8"
groups = ["main"]
files = [
    {file = "asgiref-3.8.1-py3-none-any.whl", hash = "sha256:3e1e3ecc849832fe52ccf2cb6686b7a55f82bb1d6aee72a58826471390335e47"},
    {file = "asgiref-3.8.1.tar.gz", hash = "sha256:c343bd80a0bec947a9860adb4c432ffa7db769836c64238fc34bdc3fec84d590"},
]

[package.extras]
tests = ["mypy (>=0.800)", "pytest", "pytest-asyncio"]

[[package]]
name = "astroid"
version = "2.15.8"
description = "An abstract syntax tree for Python with inference support."
optional = false
python-versions = ">=3.7.2"
groups = ["dev"]
files = [
    {file = "astroid-2.15.8-py3-none-any.whl", hash = "sha256:1aa149fc5c6589e3d0ece885b4491acd80af4f087baafa3fb5203b113e68cd3c"},
    {file = "astroid-2.15.8.tar.gz", hash = "sha256:6c107453dffee9055899705de3c9ead36e74119cee151e5a9aaf7f0b0e020a6a"},
]

[package.dependencies]
lazy-object-proxy = ">=1.4.0"
wrapt = {version = ">=1.14,<2", markers = "python_version >= \"3.11\""}

[[package]]
name = "colorama"
version = "0.4.6"
description = "Cross-platform colored terminal text."
optional = false
python-versions = "!=3.0.*,!=3.1.*,!=3.2.*,!=3.3.*,!=3.4.*,!=3.5.*,!=3.6.*,>=2.7"
groups = ["dev"]
markers = "sys_platform == \"win32\""
files = [
    {file = "colorama-0.4.6-py2.py3-none-any.whl", hash = "sha256:4f1d9991f5acc0ca119f9d443620b77f9d6b33703e51011c16baf57afb285fc6"},
    {file = "colorama-0.4.6.tar.gz", hash = "sha256:08695f5cb7ed6e0531a20572697297273c47b8cae5a63ffc6d6ed5c201be6e44"},
]

[[package]]
name = "django"
version = "5.1.15"
description = "A high-level Python web framework that encourages rapid development and clean, pragmatic design."
optional = false
python-versions = ">=3.10"
groups = ["main"]
files = [
    {file = "django-5.1.15-py3-none-any.whl", hash = "sha256:117871e58d6eda37f09870b7d73a3d66567b03aecd515b386b1751177c413432"},
    {file = "django-5.1.15.tar.gz", hash = "sha256:46a356b5ff867bece73fc6365e081f21c569973403ee7e9b9a0316f27d0eb947"},
]

[package.dependencies]
asgiref = ">=3.8.1,<4"
sqlparse = ">=0.3.1"
tzdata = {version = "*", markers = "sys_platform == \"win32\""}

[package.extras]
argon2 = ["argon2-cffi (>=19.1.0)"]
bcrypt = ["bcrypt"]

[[package]]
name = "django-cors-headers"
version = "4.4.0"
description = "django-cors-headers is a Django application for handling the server headers required for Cross-Origin Resource Sharing (CORS)."
optional = false
python-versions = ">=3.8"
groups = ["main"]
files = [
    {file = "django_cors_headers-4.4.0-py3-none-any.whl", hash = "sha256:5c6e3b7fe870876a1efdfeb4f433782c3524078fa0dc9e0195f6706ce7a242f6"},
    {file = "django_cors_headers-4.4.0.tar.gz", hash = "sha256:92cf4633e22af67a230a1456cb1b7a02bb213d6536d2dcb2a4a24092ea9cebc2"},
]

[package.dependencies]
asgiref = ">=3.6"
django = ">=3.2"

[[package]]
name = "django-extensions"
version = "3.2.3"
description = "Extensions for Django"
optional = false
python-versions = ">=3.6"
groups = ["main"]
files = [
    {file = "django-extensions-3.2.3.tar.gz", hash = "sha256:44d27919d04e23b3f40231c4ab7af4e61ce832ef46d610cc650d53e68328410a"},
    {file = "django_extensions-3.2.3-py3-none-any.whl", hash = "sha256:9600b7562f79a92cbf1fde6403c04fee314608fefbb595502e34383ae8203401"},
]

[package.dependencies]
Django = ">=3.2"

[[package]]
name = "djangorestframework"
version = "3.15.2"
description = "Web APIs for Django, made easy."
optional = false
python-versions = ">=3.8"
groups = ["main"]
files = [
    {file = "djangorestframework-3.15.2-py3-none-any.whl", hash = "sha256:2b8871b062ba1aefc2de01f773875441a961fefbf79f5eed1e32b2f096944b20"},
    {file = "djangorestframework-3.15.2.tar.gz", hash = "sha256:36fe88cd2d6c6bec23dca9804bab2ba5517a8bb9d8f47ebc68981b56840107ad"},
]

[package.dependencies]
django = ">=4.2"

[[package]]
name = "flake8"
version = "6.1.0"
description = "the modular source code checker: pep8 pyflakes and co"
optional = false
python-versions = ">=3.8.1"
groups = ["dev"]
files = [
    {file = "flake8-6.1.0-py2.py3-none-any.whl", hash = "sha256:ffdfce58ea94c6580c77888a86506937f9a1a227dfcd15f245d694ae20a6b6e5"},
    {file = "flake8-6.1.0.tar.gz", hash = "sha256:d5b3857f07c030bdb5bf41c7f53799571d75c4491748a3adcd47de929e34cd23"},
]

[package.dependencies]
mccabe = ">=0.7.0,<0.8.0"
pycodestyle = ">=2.11.0,<2.12.0"
pyflakes = ">=3.1.0,<3.2.0"

[[package]]
name = "flake8-django"
version = "1.4"
description = "Plugin to catch bad style specific to Django Projects."
optional = false
python-versions = ">=3.7.2,<4.0.0"
groups = ["dev"]
files = [
    {file = "flake8_django-1.4.tar.gz", hash = "sha256:4debba883084191568e3187416d1d6bdd4abd826da988f197a3c36572e9f30de"},
]

[package.dependencies]
astroid = ">=2.15.2,<3.0.0"
flake8 = ">=3.8.4,<7"

[[package]]
name = "freezegun"
version = "1.5.1"
description = "Let your Python tests travel through time"
optional = false
python-versions = ">=3.7"
groups = ["main"]
files = [
    {file = "freezegun-1.5.1-py3-none-any.whl", hash = "sha256:bf111d7138a8abe55ab48a71755673dbaa4ab87f4cff5634a4442dfec34c15f1"},
    {file = "freezegun-1.5.1.tar.gz", hash = "sha256:b29dedfcda6d5e8e083ce71b2b542753ad48cfec44037b3fc79702e2980a89e9"},
]

[package.dependencies]
python-dateutil = ">=2.7"

[[package]]
name = "gunicorn"
version = "23.0.0"
description = "WSGI HTTP Server for UNIX"
optional = false
python-versions = ">=3.7"
groups = ["main"]
files = [
    {file = "gunicorn-23.0.0-py3-none-any.whl", hash = "sha256:ec400d38950de4dfd418cff8328b2c8faed0edb0d517d3394e457c317908ca4d"},
    {file = "gunicorn-23.0.0.tar.gz", hash = "sha256:f014447a0101dc57e294f6c18ca6b40227a4c90e9bdb586042628030cba004ec"},
]

[package.dependencies]
packaging = "*"

[package.extras]
eventlet = ["eventlet (>=0.24.1,!=0.36.0)"]
gevent = ["gevent (>=1.4.0)"]
setproctitle = ["setproctitle"]
testing = ["coverage", "eventlet", "gevent", "pytest", "pytest-cov"]
tornado = ["tornado (>=0.2)"]

[[package]]
name = "iniconfig"
version = "2.0.0"
description = "brain-dead simple config-ini parsing"
optional = false
python-versions = ">=3.7"
groups = ["dev"]
files = [
    {file = "iniconfig-2.0.0-py3-none-any.whl", hash = "sha256:b6a85871a79d2e3b22d2d1b94ac2824226a63c6b741c88f7ae975f18b6778374"},
    {file = "iniconfig-2.0.0.tar.gz", hash = "sha256:2d91e135bf72d31a410b17c16da610a82cb55f6b0477d1a902134b24a455b8b3"},
]

[[package]]
name = "lazy-object-proxy"
version = "1.10.0"
description = "A fast and thorough lazy object proxy."
optional = false
python-versions = ">=3.8"
groups = ["dev"]
files = [
    {file = "lazy-object-proxy-1.10.0.tar.gz", hash = "sha256:78247b6d45f43a52ef35c25b5581459e85117225408a4128a3daf8bf9648ac69"},
    {file = "lazy_object_proxy-1.10.0-cp310-cp310-macosx_10_9_x86_64.whl", hash = "sha256:855e068b0358ab916454464a884779c7ffa312b8925c6f7401e952dcf3b89977"},
    {file = "lazy_object_proxy-1.10.0-cp310-cp310-manylinux_2_17_aarch64.manylinux2014_aarch64.whl", hash = "sha256:7ab7004cf2e59f7c2e4345604a3e6ea0d92ac44e1c2375527d56492014e690c3"},
    {file = "lazy_object_proxy-1.10.0-cp310-cp310-manylinux_2_5_x86_64.manylinux1_x86_64.manylinux_2_17_x86_64.manylinux2014_x86_64.whl", hash = "sha256:dc0d2fc424e54c70c4bc06787e4072c4f3b1aa2f897dfdc34ce1013cf3ceef05"},
    {file = "lazy_object_proxy-1.10.0-cp310-cp310-musllinux_1_1_aarch64.whl", hash = "sha256:e2adb09778797da09d2b5ebdbceebf7dd32e2c96f79da9052b2e87b6ea495895"},
    {file = "lazy_object_proxy-1.10.0-cp310-cp310-musllinux_1_1_x86_64.whl", hash = "sha256:b1f711e2c6dcd4edd372cf5dec5c5a30d23bba06ee012093267b3376c079ec83"},
    {file = "lazy_object_proxy-1.10.0-cp310-cp310-win32.whl", hash = "sha256:76a095cfe6045c7d0ca77db9934e8f7b71b14645f0094ffcd842349ada5c5fb9"},
    {file = "lazy_object_proxy-1.10.0-cp310-cp310-win_amd64.whl", hash = "sha256:b4f87d4ed9064b2628da63830986c3d2dca7501e6018347798313fcf028e2fd4"},
    {file = "lazy_object_proxy-1.10.0-cp311-cp311-macosx_10_9_x86_64.whl", hash = "sha256:fec03caabbc6b59ea4a638bee5fce7117be8e99a4103d9d5ad77f15d6f81020c"},
    {file = "lazy_object_proxy-1.10.0-cp311-cp311-manylinux_2_17_aarch64.manylinux2014_aarch64.whl", hash = "sha256:02c83f957782cbbe8136bee26416686a6ae998c7b6191711a04da776dc9e47d4"},
    {file = "lazy_object_proxy-1.10.0-cp311-cp311-manylinux_2_5_x86_64.manylinux1_x86_64.manylinux_2_17_x86_64.manylinux2014_x86_64.whl", hash = "sha256:009e6bb1f1935a62889ddc8541514b6a9e1fcf302667dcb049a0be5c8f613e56"},
    {file = "lazy_object_proxy-1.10.0-cp311-cp311-musllinux_1_1_aarch64.whl", hash = "sha256:75fc59fc450050b1b3c203c35020bc41bd2695ed692a392924c6ce180c6f1dc9"},
    {file = "lazy_object_proxy-1.10.0-cp311-cp311-musllinux_1_1_x86_64.whl", hash = "sha256:782e2c9b2aab1708ffb07d4bf377d12901d7a1d99e5e410d648d892f8967ab1f"},
    {file = "lazy_object_proxy-1.10.0-cp311-cp311-win32.whl", hash = "sha256:edb45bb8278574710e68a6b021599a10ce730d156e5b254941754a9cc0b17d03"},
    {file = "lazy_object_proxy-1.10.0-cp311-cp311-win_amd64.whl", hash = "sha256:e271058822765ad5e3bca7f05f2ace0de58a3f4e62045a8c90a0dfd2f8ad8cc6"},
    {file = "lazy_object_proxy-1.10.0-cp312-cp312-macosx_10_9_x86_64.whl", hash = "sha256:e98c8af98d5707dcdecc9ab0863c0ea6e88545d42ca7c3feffb6b4d1e370c7ba"},
    {file = "lazy_object_proxy-1.10.0-cp312-cp312-manylinux_2_17_aarch64.manylinux2014_aarch64.whl", hash = "sha256:952c81d415b9b80ea261d2372d2a4a2332a3890c2b83e0535f263ddfe43f0d43"},
    {file = "lazy_object_proxy-1.10.0-cp312-cp312-manylinux_2_5_x86_64.manylinux1_x86_64.manylinux_2_17_x86_64.manylinux2014_x86_64.whl", hash = "sha256:80b39d3a151309efc8cc48675918891b865bdf742a8616a337cb0090791a0de9"},
    {file = "lazy_object_proxy-1.10.0-cp312-cp312-musllinux_1_1_aarch64.whl", hash = "sha256:e221060b701e2aa2ea991542900dd13907a5c90fa80e199dbf5a03359019e7a3"},
    {file = "lazy_object_proxy-1.10.0-cp312-cp312-musllinux_1_1_x86_64.whl", hash = "sha256:92f09ff65ecff3108e56526f9e2481b8116c0b9e1425325e13245abfd79bdb1b"},
    {file = "lazy_object_proxy-1.10.0-cp312-cp312-win32.whl", hash = "sha256:3ad54b9ddbe20ae9f7c1b29e52f123120772b06dbb18ec6be9101369d63a4074"},
    {file = "lazy_object_proxy-1.10.0-cp312-cp312-win_amd64.whl", hash = "sha256:127a789c75151db6af398b8972178afe6bda7d6f68730c057fbbc2e96b08d282"},
    {file = "lazy_object_proxy-1.10.0-cp38-cp38-macosx_10_9_x86_64.whl", hash = "sha256:9e4ed0518a14dd26092614412936920ad081a424bdcb54cc13349a8e2c6d106a"},
    {file = "lazy_object_proxy-1.10.0-cp38-cp38-manylinux_2_17_aarch64.manylinux2014_aarch64.whl", hash = "sha256:5ad9e6ed739285919aa9661a5bbed0aaf410aa60231373c5579c6b4801bd883c"},
    {file = "lazy_object_proxy-1.10.0-cp38-cp38-manylinux_2_5_x86_64.manylinux1_x86_64.manylinux_2_17_x86_64.manylinux2014_x86_64.whl", hash = "sha256:2fc0a92c02fa1ca1e84fc60fa258458e5bf89d90a1ddaeb8ed9cc3147f417255"},
    {file = "lazy_object_proxy-1.10.0-cp38-cp38-musllinux_1_1_aarch64.whl", hash = "sha256:0aefc7591920bbd360d57ea03c995cebc204b424524a5bd78406f6e1b8b2a5d8"},
    {file = "lazy_object_proxy-1.10.0-cp38-cp38-musllinux_1_1_x86_64.whl", hash = "sha256:5faf03a7d8942bb4476e3b62fd0f4cf94eaf4618e304a19865abf89a35c0bbee"},
    {file = "lazy_object_proxy-1.10.0-cp38-cp38-win32.whl", hash = "sha256:e333e2324307a7b5d86adfa835bb500ee70bfcd1447384a822e96495796b0ca4"},
    {file = "lazy_object_proxy-1.10.0-cp38-cp38-win_amd64.whl", hash = "sha256:cb73507defd385b7705c599a94474b1d5222a508e502553ef94114a143ec6696"},
    {file = "lazy_object_proxy-1.10.0-cp39-cp39-macosx_10_9_x86_64.whl", hash = "sha256:366c32fe5355ef5fc8a232c5436f4cc66e9d3e8967c01fb2e6302fd6627e3d94"},
    {file = "lazy_object_proxy-1.10.0-cp39-cp39-manylinux_2_17_aarch64.manylinux2014_aarch64.whl", hash = "sha256:2297f08f08a2bb0d32a4265e98a006643cd7233fb7983032bd61ac7a02956b3b"},
    {file = "lazy_object_proxy-1.10.0-cp39-cp39-manylinux_2_5_x86_64.manylinux1_x86_64.manylinux_2_17_x86_64.manylinux2014_x86_64.whl", hash = "sha256:18dd842b49456aaa9a7cf535b04ca4571a302ff72ed8740d06b5adcd41fe0757"},
    {file = "lazy_object_proxy-1.10.0-cp39-cp39-musllinux_1_1_aarch64.whl", hash = "sha256:217138197c170a2a74ca0e05bddcd5f1796c735c37d0eee33e43259b192aa424"},
    {file = "lazy_object_proxy-1.10.0-cp39-cp39-musllinux_1_1_x86_64.whl", hash = "sha256:9a3a87cf1e133e5b1994144c12ca4aa3d9698517fe1e2ca82977781b16955658"},
    {file = "lazy_object_proxy-1.10.0-cp39-cp39-win32.whl", hash = "sha256:30b339b2a743c5288405aa79a69e706a06e02958eab31859f7f3c04980853b70"},
    {file = "lazy_object_proxy-1.10.0-cp39-cp39-win_amd64.whl", hash = "sha256:a899b10e17743683b293a729d3a11f2f399e8a90c73b089e29f5d0fe3509f0dd"},
    {file = "lazy_object_proxy-1.10.0-pp310.pp311.pp312.pp38.pp39-none-any.whl", hash = "sha256:80fa48bd89c8f2f456fc0765c11c23bf5af827febacd2f523ca5bc1893fcc09d"},
]

[[package]]
name = "mccabe"
version = "0.7.0"
description = "McCabe checker, plugin for flake8"
optional = false
python-versions = ">=3.6"
groups = ["dev"]
files = [
    {file = "mccabe-0.7.0-py2.py3-none-any.whl", hash = "sha256:6c2d30ab6be0e4a46919781807b4f0d834ebdd6c6e3dca0bda5a15f863427b6e"},
    {file = "mccabe-0.7.0.tar.gz", hash = "sha256:348e0240c33b60bbdf4e523192ef919f28cb2c3d7d5c7794f74009290f236325"},
]

[[package]]
name = "packaging"
version = "24.1"
description = "Core utilities for Python packages"
optional = false
python-versions = ">=3.8"
groups = ["main", "dev"]
files = [
    {file = "packaging-24.1-py3-none-any.whl", hash = "sha256:5b8f2217dbdbd2f7f384c41c628544e6d52f2d0f53c6d0c3ea61aa5d1d7ff124"},
    {file = "packaging-24.1.tar.gz", hash = "sha256:026ed72c8ed3fcce5bf8950572258698927fd1dbda10a5e981cdf0ac37f4f002"},
]

[[package]]
name = "pillow"
version = "12.3.0"
description = "Python Imaging Library (fork)"
optional = false
python-versions = ">=3.10"
groups = ["main"]
files = [
    {file = "pillow-12.3.0-cp310-cp310-macosx_10_10_x86_64.whl", hash = "sha256:6c0016e7b354317c4e9e525b937ac8596c38d2d232b419529b9cd7a1cd46e39a"},
    {file = "pillow-12.3.0-cp310-cp310-macosx_11_0_arm64.whl", hash = "sha256:bcc33feacfaefce60c12fd500a277533bdc02b10a19f7f6d348763d8140bbba7"},
    {file = "pillow-12.3.0-cp310-cp310-manylinux_2_27_aarch64.manylinux_2_28_aarch64.whl", hash = "sha256:5594fc43d548a7ed94949d139aa1341b270f1863f11cfd37f5a6c8b778a6b67f"},
    {file = "pillow-12.3.0-cp310-cp310-manylinux_2_27_x86_64.manylinux_2_28_x86_64.whl", hash = "sha256:f0606c8bf2cdefea14a43530f7657cbbb7ecf1c4222512492ef4a4434a9501ec"},
    {file = "pillow-12.3.0-cp310-cp310-musllinux_1_2_aarch64.whl", hash = "sha256:85f998ea1848bc6757289e739cfbdda3a04adfd58b02fc018ce54d754a5ce468"},
    {file = "pillow-12.3.0-cp310-cp310-musllinux_1_2_x86_64.whl", hash = "sha256:25b9b82bb22e6e2b3cd07b39c68b7b862001226cb3dff7130d1cb914121b39ed"},
    {file = "pillow-12.3.0-cp310-cp310-win32.whl", hash = "sha256:37dc8f7bbb66efe481bb60defacef820c950c24713fb44962ed6aa2a50966de1"},
    {file = "pillow-12.3.0-cp310-cp310-win_amd64.whl", hash = "sha256:300557495eb45ebb8aec96c2da9c4be642fbf7cd937278b4013ba894ea8eb0eb"},
    {file = "pillow-12.3.0-cp310-cp310-win_arm64.whl", hash = "sha256:514435a37670e3e5e08f3945b68718b6ed329bb84367777e16f9f4dfe1e61a0f"},
    {file = "pillow-12.3.0-cp311-cp311-macosx_10_10_x86_64.whl", hash = "sha256:00808c5e14ef63ac5161091d242999076604ff74b883423a11e5d7bbb38bf756"},
    {file = "pillow-12.3.0-cp311-cp311-macosx_11_0_arm64.whl", hash = "sha256:37d6d0a00072fd2948eb22bce7e1475f34569d90c87c59f7a2ec59541b77f7a6"},
    {file = "pillow-12.3.0-cp311-cp311-manylinux_2_27_aarch64.manylinux_2_28_aarch64.whl", hash = "sha256:bcb46e2f9feff8d06323983bd83ed00c201fdcab3d74973e7072a889b3979fcd"},
    {file = "pillow-12.3.0-cp311-cp311-manylinux_2_27_x86_64.manylinux_2_28_x86_64.whl", hash = "sha256:23d27a3e0307ec2244cc51e7287b919aa68d097504ebe19df4e76a98a3eea5bd"},
    {file = "pillow-12.3.0-cp311-cp311-musllinux_1_2_aarch64.whl", hash = "sha256:4f883547d4b7f0495ebe7056b0cc2aea76094e7a4abc8e933540f3271df27d9c"},
    {file = "pillow-12.3.0-cp311-cp311-musllinux_1_2_x86_64.whl", hash = "sha256:236ff70b9312fb68943c703aa842ca6a758abfa45ac187a5e7c1452e96ef72b5"},
    {file = "pillow-12.3.0-cp311-cp311-win32.whl", hash = "sha256:10e41f0fbf1eec8cfd234b8fe17a4caac7c9d0db4c204d3c173a8f9f6ef3232b"},
    {file = "pillow-12.3.0-cp311-cp311-win_amd64.whl", hash = "sha256:8e95e1385e4998ae9694eeaa4730ba5457ff61185b3a55e2e7bea0880aef452a"},
    {file = "pillow-12.3.0-cp311-cp311-win_arm64.whl", hash = "sha256:ebaea975e03d3141d9d3a507df75c9b3ec90fa9d2ffd07567b3a978d9d790b26"},
    {file = "pillow-12.3.0-cp312-cp312-macosx_10_13_x86_64.whl", hash = "sha256:ba09209fbe443b4acccebe845d8a138b89a8f4fbaeedd44953490b5315d5e965"},
    {file = "pillow-12.3.0-cp312-cp312-macosx_11_0_arm64.whl", hash = "sha256:ffd0c5368496f41b0944be820fcb7a838aa6e623d250b01acf2643939c3f99d7"},
    {file = "pillow-12.3.0-cp312-cp312-manylinux_2_27_aarch64.manylinux_2_28_aarch64.whl", hash = "sha256:d9c7f76c0673154f044e9d78c8655fb4213f6ca31a836df48b40fe5d187717b9"},
    {file = "pillow-12.3.0-cp312-cp312-manylinux_2_27_x86_64.manylinux_2_28_x86_64.whl", hash = "sha256:78cb2c6865a35ab8ff8b75fd122f6033b92a62c82801110e48ddd6c936a45d91"},
    {file = "pillow-12.3.0-cp312-cp312-musllinux_1_2_aarch64.whl", hash = "sha256:e491916b378fba47242221bb9ead245211b70d504f495d105d17b14a24b4907c"},
    {file = "pillow-12.3.0-cp312-cp312-musllinux_1_2_x86_64.whl", hash = "sha256:0dd2064cbc55aaec028ef5fbb60fa47bb6c3e7918e07ff17935284b227a9d2df"},
    {file = "pillow-12.3.0-cp312-cp312-win32.whl", hash = "sha256:dbce0b29841537a2fa4a214c2bbf14de3587c9680caa9b4e217568472490b28f"},
    {file = "pillow-12.3.0-cp312-cp312-win_amd64.whl", hash = "sha256:a2b55dd6b2a4c4b7d87ffa56bdb33fdc5fdb9a462173861a7bc097f17d91cb09"},
    {file = "pillow-12.3.0-cp312-cp312-win_arm64.whl", hash = "sha256:331b624368d4f1d069149002f25f44bc61c8919ce8ddb3c45bdad8f6e2d89510"},
    {file = "pillow-12.3.0-cp313-cp313-ios_13_0_arm64_iphoneos.whl", hash = "sha256:21900ce7ba264168cd50defae43cd75d25c833ad4ad6e73ffc5596d12e25ac89"},
    {file = "pillow-12.3.0-cp313-cp313-ios_13_0_arm64_iphonesimulator.whl", hash = "sha256:4e8c2a84d977f50b9daed6eeaf3baef67d00d5d74d932288f02cb94518ee3ace"},
    {file = "pillow-12.3.0-cp313-cp313-ios_13_0_x86_64_iphonesimulator.whl", hash = "sha256:ae26d61dfa7a47befdc7572b521024e8745f3d809bd95ca9505a7bba9ef849ec"},
    {file = "pillow-12.3.0-cp313-cp313-macosx_10_13_x86_64.whl", hash = "sha256:7a743ff716f746fc19a9557f60dab1600d4613255f8a7aeb3cdde4db7eb15a66"},
    {file = "pillow-12.3.0-cp313-cp313-macosx_11_0_arm64.whl", hash = "sha256:d69141514cc30b774ceea5e3ed3a6635c8d8a96edf664689b890f4089111fb35"},
    {file = "pillow-12.3.0-cp313-cp313-manylinux_2_27_aarch64.manylinux_2_28_aarch64.whl", hash = "sha256:f7401aebd7f581d7f83a439d87d474999317ee099218e5ad25d125290990ba65"},
    {file = "pillow-12.3.0-cp313-cp313-manylinux_2_27_x86_64.manylinux_2_28_x86_64.whl", hash = "sha256:0847a763afefb695bc912d7c131e7e0632d4edc1d8698f58ddabec8e46b8b6d3"},
    {file = "pillow-12.3.0-cp313-cp313-musllinux_1_2_aarch64.whl", hash = "sha256:571b9fcb07b97ef3a492028fb3d2dc0993ca23a06138b0315286566d29ef718a"},
    {file = "pillow-12.3.0-cp313-cp313-musllinux_1_2_x86_64.whl", hash = "sha256:756c768d0c9c2955feb7a56c37ea24aea2e369f8d36a88da270b6a9f19e62b5e"},
    {file = "pillow-12.3.0-cp313-cp313-win32.whl", hash = "sha256:a876864214e136f0eb367788dbd7df045f4806801518e2cfe9e13229cfe06d8f"},
    {file = "pillow-12.3.0-cp313-cp313-win_amd64.whl", hash = "sha256:1cca606cd25738df4ed873d5ad46bbdb3d83b5cbca291f6b4ff13a4df6b0bbe8"},
    {file = "pillow-12.3.0-cp313-cp313-win_arm64.whl", hash = "sha256:b629de27fda84b42cde7edef0d85f13b958b47f6e9bbcbba9b673c562a89bd8b"},
    {file = "pillow-12.3.0-cp314-cp314-ios_13_0_arm64_iphoneos.whl", hash = "sha256:9cf95fe4d0f84c82d282745d9bb08ad9f926efa00be4697e767b814ce40d4330"},
    {file = "pillow-12.3.0-cp314-cp314-ios_13_0_arm64_iphonesimulator.whl", hash = "sha256:8728f216dcdb6e6d555cf971cb34076139ad74b31fc2c14da4fafc741c5f6217"},
    {file = "pillow-12.3.0-cp314-cp314-ios_13_0_x86_64_iphonesimulator.whl", hash = "sha256:a45650e8ce7fafffd731db8550230db6b0d306d181a90b67d3e6bca2f1990930"},
    {file = "pillow-12.3.0-cp314-cp314-macosx_10_15_x86_64.whl", hash = "sha256:ba54cfebe86920a559a7c4d6b9050791c20513650a1952ebe3368c7dc70306f8"},
    {file = "pillow-12.3.0-cp314-cp314-macosx_11_0_arm64.whl", hash = "sha256:e158cb00350dc278f3b91551101aa7d12415a66ebf2c91d8d5ac14e56ddd3ad0"},
    {file = "pillow-12.3.0-cp314-cp314-manylinux_2_27_aarch64.manylinux_2_28_aarch64.whl", hash = "sha256:e9aeb04d6aef139de265b29683e119b638208f88cf73cdd1658aa07221165321"},
    {file = "pillow-12.3.0-cp314-cp314-manylinux_2_27_x86_64.manylinux_2_28_x86_64.whl", hash = "sha256:251bf95b67017e27b13d82f5b326234ca62d70f9cf4c2b9032de2358a3b12c7b"},
    {file = "pillow-12.3.0-cp314-cp314-musllinux_1_2_aarch64.whl", hash = "sha256:fe3cca2e4e8a592be0f269a1ca4835c25199d9f3ce815c8491048f785b0a0198"},
    {file = "pillow-12.3.0-cp314-cp314-musllinux_1_2_x86_64.whl", hash = "sha256:23aceaa007d6172b02c277f0cd359c79492bbb14f7072b4ede9fbcaf20648130"},
    {file = "pillow-12.3.0-cp314-cp314-win32.whl", hash = "sha256:af8d94b0db561cf68b88a267c5c44b49e134f525d0dc2cb7ed413a66bc23559a"},
    {file = "pillow-12.3.0-cp314-cp314-win_amd64.whl", hash = "sha256:fdafc9cce40277e0f7a0feabce0ee50dd2fa1800f3b38015e51296b5e814048d"},
    {file = "pillow-12.3.0-cp314-cp314-win_arm64.whl", hash = "sha256:e91206ee562682b51b98ef4b26a6ef48fd84e15fd4c4bc5ec768eb641d206838"},
    {file = "pillow-12.3.0-cp314-cp314t-macosx_10_15_x86_64.whl", hash = "sha256:164b31cd1a0490ab6efae01aa5df49da7061be0af1b30e035b6e9a1bfe34ee6e"},
    {file = "pillow-12.3.0-cp314-cp314t-macosx_11_0_arm64.whl", hash = "sha256:5afb51d599ea772b8365ae807ae557f18bccfe46ab261fd1c2a9ed700fc6eb17"},
    {file = "pillow-12.3.0-cp314-cp314t-manylinux_2_27_aarch64.manylinux_2_28_aarch64.whl", hash = "sha256:3edce1d53195db527e0191f84b71d02022de0540bf43a16ed734ed7537b07385"},
    {file = "pillow-12.3.0-cp314-cp314t-manylinux_2_27_x86_64.manylinux_2_28_x86_64.whl", hash = "sha256:bf16ba1b4d0b6b7c8e534936632270cf70eb00dbe09005bc345b2677b726855c"},
    {file = "pillow-12.3.0-cp314-cp314t-musllinux_1_2_aarch64.whl", hash = "sha256:24870b09b224f7ae3c39ed07d10e819d06f8720bc551847b1d623832b5b0e28d"},
    {file = "pillow-12.3.0-cp314-cp314t-musllinux_1_2_x86_64.whl", hash = "sha256:30f2aa603c41533cc25c05acd0da21636e84a315768feb631c937177db558931"},
    {file = "pillow-12.3.0-cp314-cp314t-win32.whl", hash = "sha256:4b0a7fe987b14c31ebda6083f74f22b561fd3739bc0ac51e019622e3d72668c7"},
    {file = "pillow-12.3.0-cp314-cp314t-win_amd64.whl", hash = "sha256:962864dc93511324d51ddbb5b9f8731bf71675b93ca612a07441896f4688fb8c"},
    {file = "pillow-12.3.0-cp314-cp314t-win_arm64.whl", hash = "sha256:0740a512dc522224c77d9aa5a8d70d8b7d73fb91f2c21125d8d025d3b8990e45"},
    {file = "pillow-12.3.0-cp315-cp315-ios_13_0_arm64_iphoneos.whl", hash = "sha256:0feb2e9d6ad6c9e3c06effe9d00f3f1e618a6643273576b016f591e9315a7139"},
    {file = "pillow-12.3.0-cp315-cp315-ios_13_0_arm64_iphonesimulator.whl", hash = "sha256:9e881fca225083806662a5c43d627d215f258ff43c890f831966c7d7ba9c7402"},
    {file = "pillow-12.3.0-cp315-cp315-ios_13_0_x86_64_iphonesimulator.whl", hash = "sha256:4998562bf62a445225f22e07c896bb04b35b1b1f2eb6d760584c9c51d7a5f78c"},
    {file = "pillow-12.3.0-cp315-cp315-macosx_10_15_x86_64.whl", hash = "sha256:dc624f6bc473dacdf7ef7eb8678d0d08edf15cd94fad6ae5c7d6cc67a4e4902f"},
    {file = "pillow-12.3.0-cp315-cp315-macosx_11_0_arm64.whl", hash = "sha256:71d6097b330eea8fd15097780c8e89cb1a8ce7838669f48c5bacd6f663dd4701"},
    {file = "pillow-12.3.0-cp315-cp315-manylinux_2_27_aarch64.manylinux_2_28_aarch64.whl", hash = "sha256:28ce87c5ab450a9dd970b52e5aca5fe63ed432d18a2eaddd1979a00a1ba24ace"},
    {file = "pillow-12.3.0-cp315-cp315-manylinux_2_27_x86_64.manylinux_2_28_x86_64.whl", hash = "sha256:6b02afb9b97f65fbca5f31db6a2a3ba21aa93030225f150fa3f249717e938fb4"},
    {file = "pillow-12.3.0-cp315-cp315-musllinux_1_2_aarch64.whl", hash = "sha256:1182d52bc2d5e5d7d0949503aa7e36d12f42205dc287e4883f407b1988820d39"},
    {file = "pillow-12.3.0-cp315-cp315-musllinux_1_2_x86_64.whl", hash = "sha256:e795b7eb908249c4e43c7c99fac7c2c75dab0c43566e37db472a355f63693d71"},
    {file = "pillow-12.3.0-cp315-cp315-win32.whl", hash = "sha256:57b3d78c95ba9059768b10e28b813002261d3f3dfc55cc48b0c988f625175827"},
    {file = "pillow-12.3.0-cp315-cp315-win_amd64.whl", hash = "sha256:fa4ecea169a355be7a3ade2c783e2ed12f0e40d2c5621cda8b3297faf7fbb9f5"},
    {file = "pillow-12.3.0-cp315-cp315-win_arm64.whl", hash = "sha256:877c3f311ff35410f690861c4409e7ccbf0cd2f878e50628a28e5a0bb689e658"},
    {file = "pillow-12.3.0-cp315-cp315t-macosx_10_15_x86_64.whl", hash = "sha256:e9871b1ffbfa9656b60aeee92ed5136a5742696006fa322b29ea3d8da0ecc9cf"},
    {file = "pillow-12.3.0-cp315-cp315t-macosx_11_0_arm64.whl", hash = "sha256:53aa02d20d10c3d814d536aa4e5ac9b84ca0ff5a88377963b085ad6822f93e64"},
    {file = "pillow-12.3.0-cp315-cp315t-manylinux_2_27_aarch64.manylinux_2_28_aarch64.whl", hash = "sha256:446c34dcc4324b084a53b705127dc15717b22c5e140ae0a3c38349d4efec071e"},
    {file = "pillow-12.3.0-cp315-cp315t-manylinux_2_27_x86_64.manylinux_2_28_x86_64.whl", hash = "sha256:cf1845d02ad822a369a49f2bb9345b1614744267682e7a03527dc3bf6eea1777"},
    {file = "pillow-12.3.0-cp315-cp315t-musllinux_1_2_aarch64.whl", hash = "sha256:186941b6aef820ad110fb01fb06eb925374dc3a21b17e37ec9a53b250c6fe2d1"},
    {file = "pillow-12.3.0-cp315-cp315t-musllinux_1_2_x86_64.whl", hash = "sha256:f13c32a3abd6079a66d9526e18dad9b6d280384d49d7c54040cd57b6424041d9"},
    {file = "pillow-12.3.0-cp315-cp315t-win32.whl", hash = "sha256:1657923d2d45afb66526e5b933e5b3052e6bdea196c90d3abb2424e18c77dae8"},
    {file = "pillow-12.3.0-cp315-cp315t-win_amd64.whl", hash = "sha256:8cd2f7bdda092d99c9fc2fb7391354f306d01443d22785d0cbfafa2e2c8bb418"},
    {file = "pillow-12.3.0-cp315-cp315t-win_arm64.whl", hash = "sha256:06ff022112bc9cbf83b60f8e028d94ad87b60621706487e65f673de61610ab59"},
    {file = "pillow-12.3.0-pp311-pypy311_pp73-macosx_10_15_x86_64.whl", hash = "sha256:b3c777e849237620b022f7f297dd67705f9f5cf1685f09f02e46f93e92725468"},
    {file = "pillow-12.3.0-pp311-pypy311_pp73-macosx_11_0_arm64.whl", hash = "sha256:b343699e8308bdc51978310e1c959c584e7869cc8c40780058c87da7781a1e94"},
    {file = "pillow-12.3.0-pp311-pypy311_pp73-manylinux_2_27_aarch64.manylinux_2_28_aarch64.whl", hash = "sha256:fbd139c8447d25dd750ab79ee274cc5e1fe80fc56340ab10b18a195e1b6eca3e"},
    {file = "pillow-12.3.0-pp311-pypy311_pp73-manylinux_2_27_x86_64.manylinux_2_28_x86_64.whl", hash = "sha256:e7e480451b9fa137494bccd3a7d69adbe8ac65a87d97be61e11f1b1050a5bac3"},
    {file = "pillow-12.3.0-pp311-pypy311_pp73-win_amd64.whl", hash = "sha256:04f01d28a6aaff387bf842a13be313df23ba0597a44f1a976c9feb3c6ff4711a"},
    {file = "pillow-12.3.0.tar.gz", hash = "sha256:3b8182a766685eaa002637e28b4ec8d6b18819a0c71f579bf0dbaa5830297cce"},
]

[package.extras]
docs = ["furo", "olefile", "sphinx (>=8.2)", "sphinx-autobuild", "sphinx-copybutton", "sphinx-inline-tabs", "sphinxext-opengraph"]
fpx = ["olefile"]
mic = ["olefile"]
test-arrow = ["arro3-compute", "arro3-core", "nanoarrow", "pyarrow"]
tests = ["coverage (>=7.4.2)", "defusedxml", "markdown2", "olefile", "packaging", "pytest", "pytest-cov", "pytest-timeout", "pytest-xdist", "setuptools", "trove-classifiers (>=2024.10.12)"]
xmp = ["defusedxml"]

[[package]]
name = "pluggy"
version = "1.5.0"
description = "plugin and hook calling mechanisms for python"
optional = false
python-versions = ">=3.8"
groups = ["dev"]
files = [
    {file = "pluggy-1.5.0-py3-none-any.whl", hash = "sha256:44e1ad92c8ca002de6377e165f3e0f1be63266ab4d554740532335b9d75ea669"},
    {file = "pluggy-1.5.0.tar.gz", hash = "sha256:2cffa88e94fdc978c4c574f15f9e59b7f4201d439195c3715ca9e2486f1d0cf1"},
]

[package.extras]
dev = ["pre-commit", "tox"]
testing = ["pytest", "pytest-benchmark"]

[[package]]
name = "pycodestyle"
version = "2.11.1"
description = "Python style guide checker"
optional = false
python-versions = ">=3.8"
groups = ["dev"]
files = [
    {file = "pycodestyle-2.11.1-py2.py3-none-any.whl", hash = "sha256:44fe31000b2d866f2e41841b18528a505fbd7fef9017b04eff4e2648a0fadc67"},
    {file = "pycodestyle-2.11.1.tar.gz", hash = "sha256:41ba0e7afc9752dfb53ced5489e89f8186be00e599e712660695b7a75ff2663f"},
]

[[package]]
name = "pyflakes"
version = "3.1.0"
description = "passive checker of Python programs"
optional = false
python-versions = ">=3.8"
groups = ["dev"]
files = [
    {file = "pyflakes-3.1.0-py2.py3-none-any.whl", hash = "sha256:4132f6d49cb4dae6819e5379898f2b8cce3c5f23994194c24b77d5da2e36f774"},
    {file = "pyflakes-3.1.0.tar.gz", hash = "sha256:a0aae034c444db0071aa077972ba4768d40c830d9539fd45bf4cd3f8f6992efc"},
]

[[package]]
name = "pytest"
version = "8.3.2"
description = "pytest: simple powerful testing with Python"
optional = false
python-versions = ">=3.8"
groups = ["dev"]
files = [
    {file = "pytest-8.3.2-py3-none-any.whl", hash = "sha256:4ba08f9ae7dcf84ded419494d229b48d0903ea6407b030eaec46df5e6a73bba5"},
    {file = "pytest-8.3.2.tar.gz", hash = "sha256:c132345d12ce551242c87269de812483f5bcc87cdbb4722e48487ba194f9fdce"},
]

[package.dependencies]
colorama = {version = "*", markers = "sys_platform == \"win32\""}
iniconfig = "*"
packaging = "*"
pluggy = ">=1.5,<2"

[package.extras]
dev = ["argcomplete", "attrs (>=19.2)", "hypothesis (>=3.56)", "mock", "pygments (>=2.7.2)", "requests", "setuptools", "xmlschema"]

[[package]]
name = "python-dateutil"
version = "2.9.0.post0"
description = "Extensions to the standard Python datetime module"
optional = false
python-versions = "!=3.0.*,!=3.1.*,!=3.2.*,>=2.7"
groups = ["main"]
files = [
    {file = "python-dateutil-2.9.0.post0.tar.gz", hash = "sha256:37dd54208da7e1cd875388217d5e00ebd4179249f90fb72437e91a35459a0ad3"},
    {file = "python_dateutil-2.9.0.post0-py2.py3-none-any.whl", hash = "sha256:a8b2bc7bffae282281c8140a97d3aa9c14da0b136dfe83f850eea9a5f7470427"},
]

[package.dependencies]
six = ">=1.5"

[[package]]
name = "python-dotenv"
version = "1.0.1"
description = "Read key-value pairs from a .env file and set them as environment variables"
optional = false
python-versions = ">=3.8"
groups = ["main"]
files = [
    {file = "python-dotenv-1.0.1.tar.gz", hash = "sha256:e324ee90a023d808f1959c46bcbc04446a10ced277783dc6ee09987c37ec10ca"},
    {file = "python_dotenv-1.0.1-py3-none-any.whl", hash = "sha256:f7b63ef50f1b690dddf550d03497b66d609393b40b564ed0d674909a68ebf16a"},
]

[package.extras]
cli = ["click (>=5.0)"]

[[package]]
name = "six"
version = "1.16.0"
description = "Python 2 and 3 compatibility utilities"
optional = false
python-versions = ">=2.7, !=3.0.*, !=3.1.*, !=3.2.*"
groups = ["main"]
files = [
    {file = "six-1.16.0-py2.py3-none-any.whl", hash = "sha256:8abb2f1d86890a2dfb989f9a77cfcfd3e47c2a354b01111771326f8aa26e0254"},
    {file = "six-1.16.0.tar.gz", hash = "sha256:1e61c37477a1626458e36f7b1d82aa5c9b094fa4802892072e49de9c60c4c926"},
]

[[package]]
name = "sqlparse"
version = "0.5.4"
description = "A non-validating SQL parser."
optional = false
python-versions = ">=3.8"
groups = ["main"]
files = [
    {file = "sqlparse-0.5.4-py3-none-any.whl", hash = "sha256:99a9f0314977b76d776a0fcb8554de91b9bb8a18560631d6bc48721d07023dcb"},
    {file = "sqlparse-0.5.4.tar.gz", hash = "sha256:4396a7d3cf1cd679c1be976cf3dc6e0a51d0111e87787e7a8d780e7d5a998f9e"},
]

[package.extras]
dev = ["build"]
doc = ["sphinx"]

[[package]]
name = "tzdata"
version = "2024.1"
description = "Provider of IANA time zone data"
optional = false
python-versions = ">=2"
groups = ["main"]
markers = "sys_platform == \"win32\""
files = [
    {file = "tzdata-2024.1-py2.py3-none-any.whl", hash = "sha256:9068bc196136463f5245e51efda838afa15aaeca9903f49050dfa2679db4d252"},
    {file = "tzdata-2024.1.tar.gz", hash = "sha256:2674120f8d891909751c38abcdfd386ac0a5a1127954fbc332af6b5ceae07efd"},
]

[[package]]
name = "wrapt"
version = "1.16.0"
description = "Module for decorators, wrappers and monkey patching."
optional = false
python-versions = ">=3.6"
groups = ["dev"]
files = [
    {file = "wrapt-1.16.0-cp310-cp310-macosx_10_9_x86_64.whl", hash = "sha256:ffa565331890b90056c01db69c0fe634a776f8019c143a5ae265f9c6bc4bd6d4"},
    {file = "wrapt-1.16.0-cp310-cp310-macosx_11_0_arm64.whl", hash = "sha256:e4fdb9275308292e880dcbeb12546df7f3e0f96c6b41197e0cf37d2826359020"},
    {file = "wrapt-1.16.0-cp310-cp310-manylinux_2_17_aarch64.manylinux2014_aarch64.whl", hash = "sha256:bb2dee3874a500de01c93d5c71415fcaef1d858370d405824783e7a8ef5db440"},
    {file = "wrapt-1.16.0-cp310-cp310-manylinux_2_5_i686.manylinux1_i686.manylinux_2_17_i686.manylinux2014_i686.whl", hash = "sha256:2a88e6010048489cda82b1326889ec075a8c856c2e6a256072b28eaee3ccf487"},
    {file = "wrapt-1.16.0-cp310-cp310-manylinux_2_5_x86_64.manylinux1_x86_64.manylinux_2_17_x86_64.manylinux2014_x86_64.whl", hash = "sha256:ac83a914ebaf589b69f7d0a1277602ff494e21f4c2f743313414378f8f50a4cf"},
    {file = "wrapt-1.16.0-cp310-cp310-musllinux_1_1_aarch64.whl", hash = "sha256:73aa7d98215d39b8455f103de64391cb79dfcad601701a3aa0dddacf74911d72"},
    {file = "wrapt-1.16.0-cp310-cp310-musllinux_1_1_i686.whl", hash = "sha256:807cc8543a477ab7422f1120a217054f958a66ef7314f76dd9e77d3f02cdccd0"},
    {file = "wrapt-1.16.0-cp310-cp310-musllinux_1_1_x86_64.whl", hash = "sha256:bf5703fdeb350e36885f2875d853ce13172ae281c56e509f4e6eca049bdfb136"},
    {file = "wrapt-1.16.0-cp310-cp310-win32.whl", hash = "sha256:f6b2d0c6703c988d334f297aa5df18c45e97b0af3679bb75059e0e0bd8b1069d"},
    {file = "wrapt-1.16.0-cp310-cp310-win_amd64.whl", hash = "sha256:decbfa2f618fa8ed81c95ee18a387ff973143c656ef800c9f24fb7e9c16054e2"},
    {file = "wrapt-1.16.0-cp311-cp311-macosx_10_9_x86_64.whl", hash = "sha256:1a5db485fe2de4403f13fafdc231b0dbae5eca4359232d2efc79025527375b09"},
    {file = "wrapt-1.16.0-cp311-cp311-macosx_11_0_arm64.whl", hash = "sha256:75ea7d0ee2a15733684badb16de6794894ed9c55aa5e9903260922f0482e687d"},
    {file = "wrapt-1.16.0-cp311-cp311-manylinux_2_17_aarch64.manylinux2014_aarch64.whl", hash = "sha256:a452f9ca3e3267cd4d0fcf2edd0d035b1934ac2bd7e0e57ac91ad6b95c0c6389"},
    {file = "wrapt-1.16.0-cp311-cp311-manylinux_2_5_i686.manylinux1_i686.manylinux_2_17_i686.manylinux2014_i686.whl", hash = "sha256:43aa59eadec7890d9958748db829df269f0368521ba6dc68cc172d5d03ed8060"},
    {file = "wrapt-1.16.0-cp311-cp311-manylinux_2_5_x86_64.manylinux1_x86_64.manylinux_2_17_x86_64.manylinux2014_x86_64.whl", hash = "sha256:72554a23c78a8e7aa02abbd699d129eead8b147a23c56e08d08dfc29cfdddca1"},
    {file = "wrapt-1.16.0-cp311-cp311-musllinux_1_1_aarch64.whl", hash = "sha256:d2efee35b4b0a347e0d99d28e884dfd82797852d62fcd7ebdeee26f3ceb72cf3"},
    {file = "wrapt-1.16.0-cp311-cp311-musllinux_1_1_i686.whl", hash = "sha256:6dcfcffe73710be01d90cae08c3e548d90932d37b39ef83969ae135d36ef3956"},
    {file = "wrapt-1.16.0-cp311-cp311-musllinux_1_1_x86_64.whl", hash = "sha256:eb6e651000a19c96f452c85132811d25e9264d836951022d6e81df2fff38337d"},
    {file = "wrapt-1.16.0-cp311-cp311-win32.whl", hash = "sha256:66027d667efe95cc4fa945af59f92c5a02c6f5bb6012bff9e60542c74c75c362"},
    {file = "wrapt-1.16.0-cp311-cp311-win_amd64.whl", hash = "sha256:aefbc4cb0a54f91af643660a0a150ce2c090d3652cf4052a5397fb2de549cd89"},
    {file = "wrapt-1.16.0-cp312-cp312-macosx_10_9_x86_64.whl", hash = "sha256:5eb404d89131ec9b4f748fa5cfb5346802e5ee8836f57d516576e61f304f3b7b"},
    {file = "wrapt-1.16.0-cp312-cp312-macosx_11_0_arm64.whl", hash = "sha256:9090c9e676d5236a6948330e83cb89969f433b1943a558968f659ead07cb3b36"},
    {file = "wrapt-1.16.0-cp312-cp312-manylinux_2_17_aarch64.manylinux2014_aarch64.whl", hash = "sha256:94265b00870aa407bd0cbcfd536f17ecde43b94fb8d228560a1e9d3041462d73"},
    {file = "wrapt-1.16.0-cp312-cp312-manylinux_2_5_i686.manylinux1_i686.manylinux_2_17_i686.manylinux2014_i686.whl", hash = "sha256:f2058f813d4f2b5e3a9eb2eb3faf8f1d99b81c3e51aeda4b168406443e8ba809"},
    {file = "wrapt-1.16.0-cp312-cp312-manylinux_2_5_x86_64.manylinux1_x86_64.manylinux_2_17_x86_64.manylinux2014_x86_64.whl", hash = "sha256:98b5e1f498a8ca1858a1cdbffb023bfd954da4e3fa2c0cb5853d40014557248b"},
    {file = "wrapt-1.16.0-cp312-cp312-musllinux_1_1_aarch64.whl", hash = "sha256:14d7dc606219cdd7405133c713f2c218d4252f2a469003f8c46bb92d5d095d81"},
    {file = "wrapt-1.16.0-cp312-cp312-musllinux_1_1_i686.whl", hash = "sha256:49aac49dc4782cb04f58986e81ea0b4768e4ff197b57324dcbd7699c5dfb40b9"},
    {file = "wrapt-1.16.0-cp312-cp312-musllinux_1_1_x86_64.whl", hash = "sha256:418abb18146475c310d7a6dc71143d6f7adec5b004ac9ce08dc7a34e2babdc5c"},
    {file = "wrapt-1.16.0-cp312-cp312-win32.whl", hash = "sha256:685f568fa5e627e93f3b52fda002c7ed2fa1800b50ce51f6ed1d572d8ab3e7fc"},
    {file = "wrapt-1.16.0-cp312-cp312-win_amd64.whl", hash = "sha256:dcdba5c86e368442528f7060039eda390cc4091bfd1dca41e8046af7c910dda8"},
    {file = "wrapt-1.16.0-cp36-cp36m-macosx_10_9_x86_64.whl", hash = "sha256:d462f28826f4657968ae51d2181a074dfe03c200d6131690b7d65d55b0f360f8"},
    {file = "wrapt-1.16.0-cp36-cp36m-manylinux_2_17_aarch64.manylinux2014_aarch64.whl", hash = "sha256:a33a747400b94b6d6b8a165e4480264a64a78c8a4c734b62136062e9a248dd39"},
    {file = "wrapt-1.16.0-cp36-cp36m-manylinux_2_5_i686.manylinux1_i686.manylinux_2_17_i686.manylinux2014_i686.whl", hash = "sha256:b3646eefa23daeba62643a58aac816945cadc0afaf21800a1421eeba5f6cfb9c"},
    {file = "wrapt-1.16.0-cp36-cp36m-manylinux_2_5_x86_64.manylinux1_x86_64.manylinux_2_17_x86_64.manylinux2014_x86_64.whl", hash = "sha256:3ebf019be5c09d400cf7b024aa52b1f3aeebeff51550d007e92c3c1c4afc2a40"},
    {file = "wrapt-1.16.0-cp36-cp36m-musllinux_1_1_aarch64.whl", hash = "sha256:0d2691979e93d06a95a26257adb7bfd0c93818e89b1406f5a28f36e0d8c1e1fc"},
    {file = "wrapt-1.16.0-cp36-cp36m-musllinux_1_1_i686.whl", hash = "sha256:1acd723ee2a8826f3d53910255643e33673e1d11db84ce5880675954183ec47e"},
    {file = "wrapt-1.16.0-cp36-cp36m-musllinux_1_1_x86_64.whl", hash = "sha256:bc57efac2da352a51cc4658878a68d2b1b67dbe9d33c36cb826ca449d80a8465"},
    {file = "wrapt-1.16.0-cp36-cp36m-win32.whl", hash = "sha256:da4813f751142436b075ed7aa012a8778aa43a99f7b36afe9b742d3ed8bdc95e"},
    {file = "wrapt-1.16.0-cp36-cp36m-win_amd64.whl", hash = "sha256:6f6eac2360f2d543cc875a0e5efd413b6cbd483cb3ad7ebf888884a6e0d2e966"},
    {file = "wrapt-1.16.0-cp37-cp37m-macosx_10_9_x86_64.whl", hash = "sha256:a0ea261ce52b5952bf669684a251a66df239ec6d441ccb59ec7afa882265d593"},
    {file = "wrapt-1.16.0-cp37-cp37m-manylinux_2_17_aarch64.manylinux2014_aarch64.whl", hash = "sha256:7bd2d7ff69a2cac767fbf7a2b206add2e9a210e57947dd7ce03e25d03d2de292"},
    {file = "wrapt-1.16.0-cp37-cp37m-manylinux_2_5_i686.manylinux1_i686.manylinux_2_17_i686.manylinux2014_i686.whl", hash = "sha256:9159485323798c8dc530a224bd3ffcf76659319ccc7bbd52e01e73bd0241a0c5"},
    {file = "wrapt-1.16.0-cp37-cp37m-manylinux_2_5_x86_64.manylinux1_x86_64.manylinux_2_17_x86_64.manylinux2014_x86_64.whl", hash = "sha256:a86373cf37cd7764f2201b76496aba58a52e76dedfaa698ef9e9688bfd9e41cf"},
    {file = "wrapt-1.16.0-cp37-cp37m-musllinux_1_1_aarch64.whl", hash = "sha256:73870c364c11f03ed072dda68ff7aea6d2a3a5c3fe250d917a429c7432e15228"},
    {file = "wrapt-1.16.0-cp37-cp37m-musllinux_1_1_i686.whl", hash = "sha256:b935ae30c6e7400022b50f8d359c03ed233d45b725cfdd299462f41ee5ffba6f"},
    {file = "wrapt-1.16.0-cp37-cp37m-musllinux_1_1_x86_64.whl", hash = "sha256:db98ad84a55eb09b3c32a96c576476777e87c520a34e2519d3e59c44710c002c"},
    {file = "wrapt-1.16.0-cp37-cp37m-win32.whl", hash = "sha256:9153ed35fc5e4fa3b2fe97bddaa7cbec0ed22412b85bcdaf54aeba92ea37428c"},
    {file = "wrapt-1.16.0-cp37-cp37m-win_amd64.whl", hash = "sha256:66dfbaa7cfa3eb707bbfcd46dab2bc6207b005cbc9caa2199bcbc81d95071a00"},
    {file = "wrapt-1.16.0-cp38-cp38-macosx_10_9_x86_64.whl", hash = "sha256:1dd50a2696ff89f57bd8847647a1c363b687d3d796dc30d4dd4a9d1689a706f0"},
    {file = "wrapt-1.16.0-cp38-cp38-macosx_11_0_arm64.whl", hash = "sha256:44a2754372e32ab315734c6c73b24351d06e77ffff6ae27d2ecf14cf3d229202"},
    {file = "wrapt-1.16.0-cp38-cp38-manylinux_2_17_aarch64.manylinux2014_aarch64.whl", hash = "sha256:8e9723528b9f787dc59168369e42ae1c3b0d3fadb2f1a71de14531d321ee05b0"},
    {file = "wrapt-1.16.0-cp38-cp38-manylinux_2_5_i686.manylinux1_i686.manylinux_2_17_i686.manylinux2014_i686.whl", hash = "sha256:dbed418ba5c3dce92619656802cc5355cb679e58d0d89b50f116e4a9d5a9603e"},
    {file = "wrapt-1.16.0-cp38-cp38-manylinux_2_5_x86_64.manylinux1_x86_64.manylinux_2_17_x86_64.manylinux2014_x86_64.whl", hash = "sha256:941988b89b4fd6b41c3f0bfb20e92bd23746579736b7343283297c4c8cbae68f"},
    {file = "wrapt-1.16.0-cp38-cp38-musllinux_1_1_aarch64.whl", hash = "sha256:6a42cd0cfa8ffc1915aef79cb4284f6383d8a3e9dcca70c445dcfdd639d51267"},
    {file = "wrapt-1.16.0-cp38-cp38-musllinux_1_1_i686.whl", hash = "sha256:1ca9b6085e4f866bd584fb135a041bfc32cab916e69f714a7d1d397f8c4891ca"},
    {file = "wrapt-1.16.0-cp38-cp38-musllinux_1_1_x86_64.whl", hash = "sha256:d5e49454f19ef621089e204f862388d29e6e8d8b162efce05208913dde5b9ad6"},
    {file = "wrapt-1.16.0-cp38-cp38-win32.whl", hash = "sha256:c31f72b1b6624c9d863fc095da460802f43a7c6868c5dda140f51da24fd47d7b"},
    {file = "wrapt-1.16.0-cp38-cp38-win_amd64.whl", hash = "sha256:490b0ee15c1a55be9c1bd8609b8cecd60e325f0575fc98f50058eae366e01f41"},
    {file = "wrapt-1.16.0-cp39-cp39-macosx_10_9_x86_64.whl", hash = "sha256:9b201ae332c3637a42f02d1045e1d0cccfdc41f1f2f801dafbaa7e9b4797bfc2"},
    {file = "wrapt-1.16.0-cp39-cp39-macosx_11_0_arm64.whl", hash = "sha256:2076fad65c6736184e77d7d4729b63a6d1ae0b70da4868adeec40989858eb3fb"},
    {file = "wrapt-1.16.0-cp39-cp39-manylinux_2_17_aarch64.manylinux2014_aarch64.whl", hash = "sha256:c5cd603b575ebceca7da5a3a251e69561bec509e0b46e4993e1cac402b7247b8"},
    {file = "wrapt-1.16.0-cp39-cp39-manylinux_2_5_i686.manylinux1_i686.manylinux_2_17_i686.manylinux2014_i686.whl", hash = "sha256:b47cfad9e9bbbed2339081f4e346c93ecd7ab504299403320bf85f7f85c7d46c"},
    {file = "wrapt-1.16.0-cp39-cp39-manylinux_2_5_x86_64.manylinux1_x86_64.manylinux_2_17_x86_64.manylinux2014_x86_64.whl", hash = "sha256:f8212564d49c50eb4565e502814f694e240c55551a5f1bc841d4fcaabb0a9b8a"},
    {file = "wrapt-1.16.0-cp39-cp39-musllinux_1_1_aarch64.whl", hash = "sha256:5f15814a33e42b04e3de432e573aa557f9f0f56458745c2074952f564c50e664"},
    {file = "wrapt-1.16.0-cp39-cp39-musllinux_1_1_i686.whl", hash = "sha256:db2e408d983b0e61e238cf579c09ef7020560441906ca990fe8412153e3b291f"},
    {file = "wrapt-1.16.0-cp39-cp39-musllinux_1_1_x86_64.whl", hash = "sha256:edfad1d29c73f9b863ebe7082ae9321374ccb10879eeabc84ba3b69f2579d537"},
    {file = "wrapt-1.16.0-cp39-cp39-win32.whl", hash = "sha256:ed867c42c268f876097248e05b6117a65bcd1e63b779e916fe2e33cd6fd0d3c3"},
    {file = "wrapt-1.16.0-cp39-cp39-win_amd64.whl", hash = "sha256:eb1b046be06b0fce7249f1d025cd359b4b80fc1c3e24ad9eca33e0dcdb2e4a35"},
    {file = "wrapt-1.16.0-py3-none-any.whl", hash = "sha256:6906c4100a8fcbf2fa735f6059214bb13b97f75b1a61777fcf6432121ef12ef1"},
    {file = "wrapt-1.16.0.tar.gz", hash = "sha256:5f370f952971e7d17c7d1ead40e49f32345a7f7a5373571ef44d800d06b1899d"},
]

[metadata]
lock-version = "2.1"
python-versions = "^3.12 <3.14"
content-hash = "1dd2324630016935ca4b972478cce983cda697757a6947d0df363a86e811fa41"
